Microsoft Visual Studio Solution File, Format Version 12.00
# Visual Studio Version 17
VisualStudioVersion = 17.5.2.0
MinimumVisualStudioVersion = 10.0.40219.1
Project("{FAE04EC0-301F-11D3-BF4B-00C04F79EFBC}") = "InventarioMaquina", "InventarioMaquina.csproj", "{5852F8F3-0062-E30E-9F84-40D62AC83935}"
EndProject
Global
	GlobalSection(SolutionConfigurationPlatforms) = preSolution
		Debug|Any CPU = Debug|Any CPU
		Release|Any CPU = Release|Any CPU
	EndGlobalSection
	GlobalSection(ProjectConfigurationPlatforms) = postSolution
		{5852F8F3-0062-E30E-9F84-40D62AC83935}.Debug|Any CPU.ActiveCfg = Debug|Any CPU
		{5852F8F3-0062-E30E-9F84-40D62AC83935}.Debug|Any CPU.Build.0 = Debug|Any CPU
		{5852F8F3-0062-E30E-9F84-40D62AC83935}.Release|Any CPU.ActiveCfg = Release|Any CPU
		{5852F8F3-0062-E30E-9F84-40D62AC83935}.Release|Any CPU.Build.0 = Release|Any CPU
	EndGlobalSection
	GlobalSection(SolutionProperties) = preSolution
		HideSolutionNode = FALSE
	EndGlobalSection
	GlobalSection(ExtensibilityGlobals) = postSolution
		SolutionGuid = {8B218E9D-7E7F-4176-B50D-6FC85B11F352}
	EndGlobalSection
EndGlobal
